
Microsoft Visual Studio Solution File, Format Version 12.00
# Visual Studio Version 16
VisualStudioVersion = 16.0.29519.181
MinimumVisualStudioVersion = 10.0.40219.1
Project("{FAE04EC0-301F-11D3-BF4B-00C04F79EFBC}") = "DataAccess", "DataAccess\DataAccess.csproj", "{C22CCA41-8737-407F-B017-CEF49B9B1E62}"
EndProject
Project("{FAE04EC0-301F-11D3-BF4B-00C04F79EFBC}") = "DataAccess.UnitTests", "DataAccess.UnitTests\DataAccess.UnitTests.csproj", "{B660476A-9312-44D7-A05A-968742439A06}"
EndProject
Project("{FAE04EC0-301F-11D3-BF4B-00C04F79EFBC}") = "LoadTestData", "LoadTestData\LoadTestData.csproj", "{8F5E9296-9285-4789-933D-694965F87920}"
EndProject
Project("{FAE04EC0-301F-11D3-BF4B-00C04F79EFBC}") = "ImportCsv", "ImportCsv\ImportCsv.csproj", "{DDE73998-F6EC-4D9E-8896-93C52F50970E}"
EndProject
Global
	GlobalSection(SolutionConfigurationPlatforms) = preSolution
		Debug|Any CPU = Debug|Any CPU
		Release|Any CPU = Release|Any CPU
	EndGlobalSection
	GlobalSection(ProjectConfigurationPlatforms) = postSolution
		{C22CCA41-8737-407F-B017-CEF49B9B1E62}.Debug|Any CPU.ActiveCfg = Debug|Any CPU
		{C22CCA41-8737-407F-B017-CEF49B9B1E62}.Debug|Any CPU.Build.0 = Debug|Any CPU
		{C22CCA41-8737-407F-B017-CEF49B9B1E62}.Release|Any CPU.ActiveCfg = Release|Any CPU
		{C22CCA41-8737-407F-B017-CEF49B9B1E62}.Release|Any CPU.Build.0 = Release|Any CPU
		{B660476A-9312-44D7-A05A-968742439A06}.Debug|Any CPU.ActiveCfg = Debug|Any CPU
		{B660476A-9312-44D7-A05A-968742439A06}.Debug|Any CPU.Build.0 = Debug|Any CPU
		{B660476A-9312-44D7-A05A-968742439A06}.Release|Any CPU.ActiveCfg = Release|Any CPU
		{B660476A-9312-44D7-A05A-968742439A06}.Release|Any CPU.Build.0 = Release|Any CPU
		{8F5E9296-9285-4789-933D-694965F87920}.Debug|Any CPU.ActiveCfg = Debug|Any CPU
		{8F5E9296-9285-4789-933D-694965F87920}.Debug|Any CPU.Build.0 = Debug|Any CPU
		{8F5E9296-9285-4789-933D-694965F87920}.Release|Any CPU.ActiveCfg = Release|Any CPU
		{8F5E9296-9285-4789-933D-694965F87920}.Release|Any CPU.Build.0 = Release|Any CPU
		{DDE73998-F6EC-4D9E-8896-93C52F50970E}.Debug|Any CPU.ActiveCfg = Debug|Any CPU
		{DDE73998-F6EC-4D9E-8896-93C52F50970E}.Debug|Any CPU.Build.0 = Debug|Any CPU
		{DDE73998-F6EC-4D9E-8896-93C52F50970E}.Release|Any CPU.ActiveCfg = Release|Any CPU
		{DDE73998-F6EC-4D9E-8896-93C52F50970E}.Release|Any CPU.Build.0 = Release|Any CPU
	EndGlobalSection
	GlobalSection(SolutionProperties) = preSolution
		HideSolutionNode = FALSE
	EndGlobalSection
	GlobalSection(ExtensibilityGlobals) = postSolution
		SolutionGuid = {5EC13C1B-F194-45F5-9F6F-F135EB4762AD}
	EndGlobalSection
EndGlobal
